
Microsoft Visual Studio Solution File, Format Version 12.00
# Visual Studio Version 17
VisualStudioVersion = 17.11.35303.130
MinimumVisualStudioVersion = 10.0.40219.1
Project("{FAE04EC0-301F-11D3-BF4B-00C04F79EFBC}") = "AdvGenPriceComparer", "AdvGenPriceComparer\AdvGenPriceComparer.csproj", "{8D99DBF9-562B-4CA6-97F2-9B6267FDA354}"
EndProject
Global
	GlobalSection(SolutionConfigurationPlatforms) = preSolution
		Debug|ARM64 = Debug|ARM64
		Debug|x64 = Debug|x64
		Debug|x86 = Debug|x86
		Release|ARM64 = Release|ARM64
		Release|x64 = Release|x64
		Release|x86 = Release|x86
	EndGlobalSection
	GlobalSection(ProjectConfigurationPlatforms) = postSolution
		{8D99DBF9-562B-4CA6-97F2-9B6267FDA354}.Debug|ARM64.ActiveCfg = Debug|ARM64
		{8D99DBF9-562B-4CA6-97F2-9B6267FDA354}.Debug|ARM64.Build.0 = Debug|ARM64
		{8D99DBF9-562B-4CA6-97F2-9B6267FDA354}.Debug|ARM64.Deploy.0 = Debug|ARM64
		{8D99DBF9-562B-4CA6-97F2-9B6267FDA354}.Debug|x64.ActiveCfg = Debug|x64
		{8D99DBF9-562B-4CA6-97F2-9B6267FDA354}.Debug|x64.Build.0 = Debug|x64
		{8D99DBF9-562B-4CA6-97F2-9B6267FDA354}.Debug|x64.Deploy.0 = Debug|x64
		{8D99DBF9-562B-4CA6-97F2-9B6267FDA354}.Debug|x86.ActiveCfg = Debug|x86
		{8D99DBF9-562B-4CA6-97F2-9B6267FDA354}.Debug|x86.Build.0 = Debug|x86
		{8D99DBF9-562B-4CA6-97F2-9B6267FDA354}.Debug|x86.Deploy.0 = Debug|x86
		{8D99DBF9-562B-4CA6-97F2-9B6267FDA354}.Release|ARM64.ActiveCfg = Release|ARM64
		{8D99DBF9-562B-4CA6-97F2-9B6267FDA354}.Release|ARM64.Build.0 = Release|ARM64
		{8D99DBF9-562B-4CA6-97F2-9B6267FDA354}.Release|ARM64.Deploy.0 = Release|ARM64
		{8D99DBF9-562B-4CA6-97F2-9B6267FDA354}.Release|x64.ActiveCfg = Release|x64
		{8D99DBF9-562B-4CA6-97F2-9B6267FDA354}.Release|x64.Build.0 = Release|x64
		{8D99DBF9-562B-4CA6-97F2-9B6267FDA354}.Release|x64.Deploy.0 = Release|x64
		{8D99DBF9-562B-4CA6-97F2-9B6267FDA354}.Release|x86.ActiveCfg = Release|x86
		{8D99DBF9-562B-4CA6-97F2-9B6267FDA354}.Release|x86.Build.0 = Release|x86
		{8D99DBF9-562B-4CA6-97F2-9B6267FDA354}.Release|x86.Deploy.0 = Release|x86
	EndGlobalSection
	GlobalSection(SolutionProperties) = preSolution
		HideSolutionNode = FALSE
	EndGlobalSection
	GlobalSection(ExtensibilityGlobals) = postSolution
		SolutionGuid = {85E21413-2088-4258-964A-4881BDE61671}
	EndGlobalSection
EndGlobal
